
Microsoft Visual Studio Solution File, Format Version 12.00
# Visual Studio 2012
Project("{8BC9CEB8-8B4A-11D0-8D11-00A0C91BC942}") = "ForceOfGravity", "ForceOfGravity\ForceOfGravity.vcxproj", "{4BF0AEBE-1164-4DCA-B6DC-D9C9FDA89CD8}"
EndProject
Global
	GlobalSection(SolutionConfigurationPlatforms) = preSolution
		Debug|Win32 = Debug|Win32
		Release|Win32 = Release|Win32
	EndGlobalSection
	GlobalSection(ProjectConfigurationPlatforms) = postSolution
		{4BF0AEBE-1164-4DCA-B6DC-D9C9FDA89CD8}.Debug|Win32.ActiveCfg = Debug|Win32
		{4BF0AEBE-1164-4DCA-B6DC-D9C9FDA89CD8}.Debug|Win32.Build.0 = Debug|Win32
		{4BF0AEBE-1164-4DCA-B6DC-D9C9FDA89CD8}.Release|Win32.ActiveCfg = Release|Win32
		{4BF0AEBE-1164-4DCA-B6DC-D9C9FDA89CD8}.Release|Win32.Build.0 = Release|Win32
	EndGlobalSection
	GlobalSection(SolutionProperties) = preSolution
		HideSolutionNode = FALSE
	EndGlobalSection
EndGlobal
